
Microsoft Visual Studio Solution File, Format Version 12.00
# Visual Studio Version 16
VisualStudioVersion = 16.0.32929.386
MinimumVisualStudioVersion = 10.0.40219.1
Project("{FAE04EC0-301F-11D3-BF4B-00C04F79EFBC}") = "AromaProject", "AromaProject\AromaProject.csproj", "{BC05ED36-89BC-4D11-B067-8751804919DF}"
EndProject
Global
	GlobalSection(SolutionConfigurationPlatforms) = preSolution
		Debug|Any CPU = Debug|Any CPU
		Release|Any CPU = Release|Any CPU
	EndGlobalSection
	GlobalSection(ProjectConfigurationPlatforms) = postSolution
		{BC05ED36-89BC-4D11-B067-8751804919DF}.Debug|Any CPU.ActiveCfg = Debug|Any CPU
		{BC05ED36-89BC-4D11-B067-8751804919DF}.Debug|Any CPU.Build.0 = Debug|Any CPU
		{BC05ED36-89BC-4D11-B067-8751804919DF}.Release|Any CPU.ActiveCfg = Release|Any CPU
		{BC05ED36-89BC-4D11-B067-8751804919DF}.Release|Any CPU.Build.0 = Release|Any CPU
	EndGlobalSection
	GlobalSection(SolutionProperties) = preSolution
		HideSolutionNode = FALSE
	EndGlobalSection
	GlobalSection(ExtensibilityGlobals) = postSolution
		SolutionGuid = {869CC694-8192-4497-970E-A109BD7511B0}
	EndGlobalSection
EndGlobal
